<?xml version="1.0" encoding="utf-8"?>
<Project ToolsVersion="4.0" xmlns="http://schemas.microsoft.com/developer/msbuild/2003">
  <ItemGroup>
    <Filter Include="Archivos de encabezado">
      <UniqueIdentifier>{93995380-89BD-4b04-88EB-625FBE52EBFB}</UniqueIdentifier>
      <Extensions>h;hh;hpp;hxx;hm;inl;inc;ipp;xsd</Extensions>
    </Filter>
    <Filter Include="Archivos de recursos">
      <UniqueIdentifier>{67DA6AB6-F800-4c08-8B7A-83BB121AAD01}</UniqueIdentifier>
      <Extensions>rc;ico;cur;bmp;dlg;rc2;rct;bin;rgs;gif;jpg;jpeg;jpe;resx;tiff;tif;png;wav;mfcribbon-ms</Extensions>
    </Filter>
    <Filter Include="Archivos de código fuente">
      <UniqueIdentifier>{4FC737F1-C7A5-4376-A066-2A32D752A2FF}</UniqueIdentifier>
      <Extensions>cpp;c;cc;cxx;def;odl;idl;hpj;bat;asm;asmx</Extensions>
    </Filter>
    <Filter Include="Archivos de código fuente\Villanos">
      <UniqueIdentifier>{80bbdb8c-f295-4f65-a2e2-53f9d905114f}</UniqueIdentifier>
    </Filter>
    <Filter Include="Archivos de encabezado\Villanos">
      <UniqueIdentifier>{466638d5-a2ae-4628-aae4-8d4fa51bee0f}</UniqueIdentifier>
    </Filter>
    <Filter Include="Archivos de encabezado\Intro">
      <UniqueIdentifier>{f5ecd3b5-7cc4-47a3-bf3b-8ef3db11a9de}</UniqueIdentifier>
    </Filter>
    <Filter Include="Archivos de código fuente\Intro">
      <UniqueIdentifier>{63c8798d-a8ac-48a8-8eae-a10da3773e7f}</UniqueIdentifier>
    </Filter>
  </ItemGroup>
  <ItemGroup>
    <ClInclude Include="IG2ApplicationContext.h">
      <Filter>Archivos de encabezado</Filter>
    </ClInclude>
    <ClInclude Include="IG2App.h">
      <Filter>Archivos de encabezado</Filter>
    </ClInclude>
    <ClInclude Include="IG2Object.h">
      <Filter>Archivos de encabezado</Filter>
    </ClInclude>
    <ClInclude Include="Config.h">
      <Filter>Archivos de encabezado</Filter>
    </ClInclude>
    <ClInclude Include="Heroe.h">
      <Filter>Archivos de encabezado</Filter>
    </ClInclude>
    <ClInclude Include="Labyrinth.h">
      <Filter>Archivos de encabezado</Filter>
    </ClInclude>
    <ClInclude Include="Wall.h">
      <Filter>Archivos de encabezado</Filter>
    </ClInclude>
    <ClInclude Include="Pearl.h">
      <Filter>Archivos de encabezado</Filter>
    </ClInclude>
    <ClInclude Include="Game.h">
      <Filter>Archivos de encabezado</Filter>
    </ClInclude>
    <ClInclude Include="Block.h">
      <Filter>Archivos de encabezado</Filter>
    </ClInclude>
    <ClInclude Include="Villain.h">
      <Filter>Archivos de encabezado\Villanos</Filter>
    </ClInclude>
    <ClInclude Include="Ogrehead.h">
      <Filter>Archivos de encabezado\Villanos</Filter>
    </ClInclude>
    <ClInclude Include="Bat.h">
      <Filter>Archivos de encabezado\Villanos</Filter>
    </ClInclude>
    <ClInclude Include="Intro.h">
      <Filter>Archivos de encabezado\Intro</Filter>
    </ClInclude>
    <ClInclude Include="HeroIntro.h">
      <Filter>Archivos de encabezado\Intro</Filter>
    </ClInclude>
    <ClInclude Include="OgreHeadIntro.h">
      <Filter>Archivos de encabezado\Intro</Filter>
    </ClInclude>
    <ClInclude Include="Character.h">
      <Filter>Archivos de encabezado</Filter>
    </ClInclude>
  </ItemGroup>
  <ItemGroup>
    <ClCompile Include="IG2ApplicationContext.cpp">
      <Filter>Archivos de código fuente</Filter>
    </ClCompile>
    <ClCompile Include="IG2App.cpp">
      <Filter>Archivos de código fuente</Filter>
    </ClCompile>
    <ClCompile Include="IG2Main.cpp">
      <Filter>Archivos de código fuente</Filter>
    </ClCompile>
    <ClCompile Include="IG2Object.cpp">
      <Filter>Archivos de código fuente</Filter>
    </ClCompile>
    <ClCompile Include="Heroe.cpp">
      <Filter>Archivos de código fuente</Filter>
    </ClCompile>
    <ClCompile Include="Labyrinth.cpp">
      <Filter>Archivos de código fuente</Filter>
    </ClCompile>
    <ClCompile Include="Wall.cpp">
      <Filter>Archivos de código fuente</Filter>
    </ClCompile>
    <ClCompile Include="Pearl.cpp">
      <Filter>Archivos de código fuente</Filter>
    </ClCompile>
    <ClCompile Include="Game.cpp">
      <Filter>Archivos de código fuente</Filter>
    </ClCompile>
    <ClCompile Include="Villain.cpp">
      <Filter>Archivos de código fuente\Villanos</Filter>
    </ClCompile>
    <ClCompile Include="Ogrehead.cpp">
      <Filter>Archivos de código fuente\Villanos</Filter>
    </ClCompile>
    <ClCompile Include="Bat.cpp">
      <Filter>Archivos de código fuente\Villanos</Filter>
    </ClCompile>
    <ClCompile Include="Block.cpp">
      <Filter>Archivos de código fuente</Filter>
    </ClCompile>
    <ClCompile Include="OgreHeadIntro.cpp">
      <Filter>Archivos de código fuente\Intro</Filter>
    </ClCompile>
    <ClCompile Include="HeroIntro.cpp">
      <Filter>Archivos de código fuente\Intro</Filter>
    </ClCompile>
    <ClCompile Include="Intro.cpp">
      <Filter>Archivos de código fuente\Intro</Filter>
    </ClCompile>
    <ClCompile Include="Character.cpp">
      <Filter>Archivos de código fuente</Filter>
    </ClCompile>
  </ItemGroup>
</Project>